
Microsoft Visual Studio Solution File, Format Version 12.00
# Visual Studio Version 16
VisualStudioVersion = 16.0.30621.155
MinimumVisualStudioVersion = 10.0.40219.1
Project("{FAE04EC0-301F-11D3-BF4B-00C04F79EFBC}") = "BUS_QLTV", "BUS_QLTV\BUS_QLTV.csproj", "{993E220A-0A79-4843-B653-9B1B39E98557}"
EndProject
Project("{FAE04EC0-301F-11D3-BF4B-00C04F79EFBC}") = "DAL_QLTV", "DAL_QLTV\DAL_QLTV.csproj", "{7834FBB7-082E-463A-9F3D-2A33E7DC69C5}"
EndProject
Project("{FAE04EC0-301F-11D3-BF4B-00C04F79EFBC}") = "DTO_QLTV", "DTO_QLTV\DTO_QLTV.csproj", "{00495C7D-7887-41C7-BD50-926CA42B66FF}"
EndProject
Project("{FAE04EC0-301F-11D3-BF4B-00C04F79EFBC}") = "QLTV", "..\..\Cơ sở dữ liệu nâng cao\TLBTLon\QLTV\QLTV\QLTV.csproj", "{B00AD280-D127-4F3B-AEE9-8E47F4989962}"
EndProject
Project("{FAE04EC0-301F-11D3-BF4B-00C04F79EFBC}") = "QLTV_API", "QLTV_API\QLTV_API.csproj", "{97069F37-C77A-4826-9150-38F4A1804E1A}"
EndProject
Global
	GlobalSection(SolutionConfigurationPlatforms) = preSolution
		Debug|Any CPU = Debug|Any CPU
		Release|Any CPU = Release|Any CPU
	EndGlobalSection
	GlobalSection(ProjectConfigurationPlatforms) = postSolution
		{993E220A-0A79-4843-B653-9B1B39E98557}.Debug|Any CPU.ActiveCfg = Debug|Any CPU
		{993E220A-0A79-4843-B653-9B1B39E98557}.Debug|Any CPU.Build.0 = Debug|Any CPU
		{993E220A-0A79-4843-B653-9B1B39E98557}.Release|Any CPU.ActiveCfg = Release|Any CPU
		{993E220A-0A79-4843-B653-9B1B39E98557}.Release|Any CPU.Build.0 = Release|Any CPU
		{7834FBB7-082E-463A-9F3D-2A33E7DC69C5}.Debug|Any CPU.ActiveCfg = Debug|Any CPU
		{7834FBB7-082E-463A-9F3D-2A33E7DC69C5}.Debug|Any CPU.Build.0 = Debug|Any CPU
		{7834FBB7-082E-463A-9F3D-2A33E7DC69C5}.Release|Any CPU.ActiveCfg = Release|Any CPU
		{7834FBB7-082E-463A-9F3D-2A33E7DC69C5}.Release|Any CPU.Build.0 = Release|Any CPU
		{00495C7D-7887-41C7-BD50-926CA42B66FF}.Debug|Any CPU.ActiveCfg = Debug|Any CPU
		{00495C7D-7887-41C7-BD50-926CA42B66FF}.Debug|Any CPU.Build.0 = Debug|Any CPU
		{00495C7D-7887-41C7-BD50-926CA42B66FF}.Release|Any CPU.ActiveCfg = Release|Any CPU
		{00495C7D-7887-41C7-BD50-926CA42B66FF}.Release|Any CPU.Build.0 = Release|Any CPU
		{B00AD280-D127-4F3B-AEE9-8E47F4989962}.Debug|Any CPU.ActiveCfg = Debug|Any CPU
		{B00AD280-D127-4F3B-AEE9-8E47F4989962}.Debug|Any CPU.Build.0 = Debug|Any CPU
		{B00AD280-D127-4F3B-AEE9-8E47F4989962}.Release|Any CPU.ActiveCfg = Release|Any CPU
		{B00AD280-D127-4F3B-AEE9-8E47F4989962}.Release|Any CPU.Build.0 = Release|Any CPU
		{97069F37-C77A-4826-9150-38F4A1804E1A}.Debug|Any CPU.ActiveCfg = Debug|Any CPU
		{97069F37-C77A-4826-9150-38F4A1804E1A}.Debug|Any CPU.Build.0 = Debug|Any CPU
		{97069F37-C77A-4826-9150-38F4A1804E1A}.Release|Any CPU.ActiveCfg = Release|Any CPU
		{97069F37-C77A-4826-9150-38F4A1804E1A}.Release|Any CPU.Build.0 = Release|Any CPU
	EndGlobalSection
	GlobalSection(SolutionProperties) = preSolution
		HideSolutionNode = FALSE
	EndGlobalSection
	GlobalSection(ExtensibilityGlobals) = postSolution
		SolutionGuid = {0D8B3908-974D-4D1D-8AC0-82BCA94C6AB9}
	EndGlobalSection
EndGlobal
